// !$*UTF8*$!
{
	archiveVersion = 1;
	classes = {
	};
	objectVersion = 56;
	objects = {

/* Begin PBXBuildFile section */
		4419D4622A31D6A5008025E0 /* UIView+Extension.swift in Sources */ = {isa = PBXBuildFile; fileRef = 4419D4612A31D6A5008025E0 /* UIView+Extension.swift */; };
		443026762A31E59C00AE1B09 /* Mars.mp3 in Resources */ = {isa = PBXBuildFile; fileRef = 4430266F2A31E59C00AE1B09 /* Mars.mp3 */; };
		443026772A31E59C00AE1B09 /* Jupiter.mp3 in Resources */ = {isa = PBXBuildFile; fileRef = 443026702A31E59C00AE1B09 /* Jupiter.mp3 */; };
		443026782A31E59C00AE1B09 /* Saturn.mp3 in Resources */ = {isa = PBXBuildFile; fileRef = 443026712A31E59C00AE1B09 /* Saturn.mp3 */; };
		443026792A31E59C00AE1B09 /* Neptune.mp3 in Resources */ = {isa = PBXBuildFile; fileRef = 443026722A31E59C00AE1B09 /* Neptune.mp3 */; };
		4430267A2A31E59C00AE1B09 /* Uranus.mp3 in Resources */ = {isa = PBXBuildFile; fileRef = 443026732A31E59C00AE1B09 /* Uranus.mp3 */; };
		4430267B2A31E59C00AE1B09 /* Mercury.mp3 in Resources */ = {isa = PBXBuildFile; fileRef = 443026742A31E59C00AE1B09 /* Mercury.mp3 */; };
		4430267C2A31E59C00AE1B09 /* Venus.mp3 in Resources */ = {isa = PBXBuildFile; fileRef = 443026752A31E59C00AE1B09 /* Venus.mp3 */; };
		4430267E2A31E64000AE1B09 /* MusicPlayManager.swift in Sources */ = {isa = PBXBuildFile; fileRef = 4430267D2A31E64000AE1B09 /* MusicPlayManager.swift */; };
		443026802A31F53D00AE1B09 /* PlanetName.swift in Sources */ = {isa = PBXBuildFile; fileRef = 4430267F2A31F53D00AE1B09 /* PlanetName.swift */; };
		44351E022A3220CF009C0475 /* UIImageView+Filter.swift in Sources */ = {isa = PBXBuildFile; fileRef = 44351E012A3220CF009C0475 /* UIImageView+Filter.swift */; };
		443AE6BC2A31A13800F1B529 /* AppDelegate.swift in Sources */ = {isa = PBXBuildFile; fileRef = 443AE6BB2A31A13800F1B529 /* AppDelegate.swift */; };
		443AE6BE2A31A13800F1B529 /* SceneDelegate.swift in Sources */ = {isa = PBXBuildFile; fileRef = 443AE6BD2A31A13800F1B529 /* SceneDelegate.swift */; };
		443AE6C02A31A13800F1B529 /* ViewController.swift in Sources */ = {isa = PBXBuildFile; fileRef = 443AE6BF2A31A13800F1B529 /* ViewController.swift */; };
		443AE6C32A31A13800F1B529 /* Main.storyboard in Resources */ = {isa = PBXBuildFile; fileRef = 443AE6C12A31A13800F1B529 /* Main.storyboard */; };
		443AE6C52A31A13A00F1B529 /* Assets.xcassets in Resources */ = {isa = PBXBuildFile; fileRef = 443AE6C42A31A13A00F1B529 /* Assets.xcassets */; };
		443AE6C82A31A13A00F1B529 /* LaunchScreen.storyboard in Resources */ = {isa = PBXBuildFile; fileRef = 443AE6C62A31A13A00F1B529 /* LaunchScreen.storyboard */; };
		443AE6D02A31AB1100F1B529 /* CustomMusicSliderView.swift in Sources */ = {isa = PBXBuildFile; fileRef = 443AE6CF2A31AB1100F1B529 /* CustomMusicSliderView.swift */; };
		443AE6D42A31ADD800F1B529 /* MusicProgressSlider.swift in Sources */ = {isa = PBXBuildFile; fileRef = 443AE6D32A31ADD800F1B529 /* MusicProgressSlider.swift */; };
		443AE6D62A31AE5B00F1B529 /* Double+Extension.swift in Sources */ = {isa = PBXBuildFile; fileRef = 443AE6D52A31AE5B00F1B529 /* Double+Extension.swift */; };
/* End PBXBuildFile section */

/* Begin PBXFileReference section */
		4419D4612A31D6A5008025E0 /* UIView+Extension.swift */ = {isa = PBXFileReference; lastKnownFileType = sourcecode.swift; path = "UIView+Extension.swift"; sourceTree = "<group>"; };
		4430266F2A31E59C00AE1B09 /* Mars.mp3 */ = {isa = PBXFileReference; lastKnownFileType = audio.mp3; name = Mars.mp3; path = ../../../../../Downloads/Mars.mp3; sourceTree = "<group>"; };
		443026702A31E59C00AE1B09 /* Jupiter.mp3 */ = {isa = PBXFileReference; lastKnownFileType = audio.mp3; name = Jupiter.mp3; path = ../../../../../Downloads/Jupiter.mp3; sourceTree = "<group>"; };
		443026712A31E59C00AE1B09 /* Saturn.mp3 */ = {isa = PBXFileReference; lastKnownFileType = audio.mp3; name = Saturn.mp3; path = ../../../../../Downloads/Saturn.mp3; sourceTree = "<group>"; };
		443026722A31E59C00AE1B09 /* Neptune.mp3 */ = {isa = PBXFileReference; lastKnownFileType = audio.mp3; name = Neptune.mp3; path = ../../../../../Downloads/Neptune.mp3; sourceTree = "<group>"; };
		443026732A31E59C00AE1B09 /* Uranus.mp3 */ = {isa = PBXFileReference; lastKnownFileType = audio.mp3; name = Uranus.mp3; path = ../../../../../Downloads/Uranus.mp3; sourceTree = "<group>"; };
		443026742A31E59C00AE1B09 /* Mercury.mp3 */ = {isa = PBXFileReference; lastKnownFileType = audio.mp3; name = Mercury.mp3; path = ../../../../../Downloads/Mercury.mp3; sourceTree = "<group>"; };
		443026752A31E59C00AE1B09 /* Venus.mp3 */ = {isa = PBXFileReference; lastKnownFileType = audio.mp3; name = Venus.mp3; path = ../../../../../Downloads/Venus.mp3; sourceTree = "<group>"; };
		4430267D2A31E64000AE1B09 /* MusicPlayManager.swift */ = {isa = PBXFileReference; lastKnownFileType = sourcecode.swift; path = MusicPlayManager.swift; sourceTree = "<group>"; };
		4430267F2A31F53D00AE1B09 /* PlanetName.swift */ = {isa = PBXFileReference; lastKnownFileType = sourcecode.swift; path = PlanetName.swift; sourceTree = "<group>"; };
		44351E012A3220CF009C0475 /* UIImageView+Filter.swift */ = {isa = PBXFileReference; lastKnownFileType = sourcecode.swift; path = "UIImageView+Filter.swift"; sourceTree = "<group>"; };
		443AE6B82A31A13800F1B529 /* HolstThePlanets.app */ = {isa = PBXFileReference; explicitFileType = wrapper.application; includeInIndex = 0; path = HolstThePlanets.app; sourceTree = BUILT_PRODUCTS_DIR; };
		443AE6BB2A31A13800F1B529 /* AppDelegate.swift */ = {isa = PBXFileReference; lastKnownFileType = sourcecode.swift; path = AppDelegate.swift; sourceTree = "<group>"; };
		443AE6BD2A31A13800F1B529 /* SceneDelegate.swift */ = {isa = PBXFileReference; lastKnownFileType = sourcecode.swift; path = SceneDelegate.swift; sourceTree = "<group>"; };
		443AE6BF2A31A13800F1B529 /* ViewController.swift */ = {isa = PBXFileReference; lastKnownFileType = sourcecode.swift; path = ViewController.swift; sourceTree = "<group>"; };
		443AE6C22A31A13800F1B529 /* Base */ = {isa = PBXFileReference; lastKnownFileType = file.storyboard; name = Base; path = Base.lproj/Main.storyboard; sourceTree = "<group>"; };
		443AE6C42A31A13A00F1B529 /* Assets.xcassets */ = {isa = PBXFileReference; lastKnownFileType = folder.assetcatalog; path = Assets.xcassets; sourceTree = "<group>"; };
		443AE6C72A31A13A00F1B529 /* Base */ = {isa = PBXFileReference; lastKnownFileType = file.storyboard; name = Base; path = Base.lproj/LaunchScreen.storyboard; sourceTree = "<group>"; };
		443AE6C92A31A13A00F1B529 /* Info.plist */ = {isa = PBXFileReference; lastKnownFileType = text.plist.xml; path = Info.plist; sourceTree = "<group>"; };
		443AE6CF2A31AB1100F1B529 /* CustomMusicSliderView.swift */ = {isa = PBXFileReference; lastKnownFileType = sourcecode.swift; path = CustomMusicSliderView.swift; sourceTree = "<group>"; };
		443AE6D32A31ADD800F1B529 /* MusicProgressSlider.swift */ = {isa = PBXFileReference; lastKnownFileType = sourcecode.swift; path = MusicProgressSlider.swift; sourceTree = "<group>"; };
		443AE6D52A31AE5B00F1B529 /* Double+Extension.swift */ = {isa = PBXFileReference; lastKnownFileType = sourcecode.swift; path = "Double+Extension.swift"; sourceTree = "<group>"; };
/* End PBXFileReference section */

/* Begin PBXFrameworksBuildPhase section */
		443AE6B52A31A13800F1B529 /* Frameworks */ = {
			isa = PBXFrameworksBuildPhase;
			buildActionMask = 2147483647;
			files = (
			);
			runOnlyForDeploymentPostprocessing = 0;
		};
/* End PBXFrameworksBuildPhase section */

/* Begin PBXGroup section */
		4419D4602A31D696008025E0 /* Extension */ = {
			isa = PBXGroup;
			children = (
				443AE6D52A31AE5B00F1B529 /* Double+Extension.swift */,
				4419D4612A31D6A5008025E0 /* UIView+Extension.swift */,
				44351E012A3220CF009C0475 /* UIImageView+Filter.swift */,
			);
			path = Extension;
			sourceTree = "<group>";
		};
		4430266E2A31E58900AE1B09 /* Resources */ = {
			isa = PBXGroup;
			children = (
				443026722A31E59C00AE1B09 /* Neptune.mp3 */,
				4430266F2A31E59C00AE1B09 /* Mars.mp3 */,
				443026752A31E59C00AE1B09 /* Venus.mp3 */,
				443026742A31E59C00AE1B09 /* Mercury.mp3 */,
				443026702A31E59C00AE1B09 /* Jupiter.mp3 */,
				443026712A31E59C00AE1B09 /* Saturn.mp3 */,
				443026732A31E59C00AE1B09 /* Uranus.mp3 */,
			);
			path = Resources;
			sourceTree = "<group>";
		};
		443AE6AF2A31A13800F1B529 = {
			isa = PBXGroup;
			children = (
				443AE6BA2A31A13800F1B529 /* HolstThePlanets */,
				443AE6B92A31A13800F1B529 /* Products */,
			);
			sourceTree = "<group>";
		};
		443AE6B92A31A13800F1B529 /* Products */ = {
			isa = PBXGroup;
			children = (
				443AE6B82A31A13800F1B529 /* HolstThePlanets.app */,
			);
			name = Products;
			sourceTree = "<group>";
		};
		443AE6BA2A31A13800F1B529 /* HolstThePlanets */ = {
			isa = PBXGroup;
			children = (
				4430266E2A31E58900AE1B09 /* Resources */,
				4419D4602A31D696008025E0 /* Extension */,
				443AE6D12A31ACFC00F1B529 /* CustomView */,
				443AE6BB2A31A13800F1B529 /* AppDelegate.swift */,
				443AE6BD2A31A13800F1B529 /* SceneDelegate.swift */,
				443AE6BF2A31A13800F1B529 /* ViewController.swift */,
				4430267D2A31E64000AE1B09 /* MusicPlayManager.swift */,
				443AE6C12A31A13800F1B529 /* Main.storyboard */,
				443AE6C42A31A13A00F1B529 /* Assets.xcassets */,
				443AE6C62A31A13A00F1B529 /* LaunchScreen.storyboard */,
				443AE6C92A31A13A00F1B529 /* Info.plist */,
				4430267F2A31F53D00AE1B09 /* PlanetName.swift */,
			);
			path = HolstThePlanets;
			sourceTree = "<group>";
		};
		443AE6D12A31ACFC00F1B529 /* CustomView */ = {
			isa = PBXGroup;
			children = (
				443AE6CF2A31AB1100F1B529 /* CustomMusicSliderView.swift */,
				443AE6D32A31ADD800F1B529 /* MusicProgressSlider.swift */,
			);
			path = CustomView;
			sourceTree = "<group>";
		};
/* End PBXGroup section */

/* Begin PBXNativeTarget section */
		443AE6B72A31A13800F1B529 /* HolstThePlanets */ = {
			isa = PBXNativeTarget;
			buildConfigurationList = 443AE6CC2A31A13A00F1B529 /* Build configuration list for PBXNativeTarget "HolstThePlanets" */;
			buildPhases = (
				443AE6B42A31A13800F1B529 /* Sources */,
				443AE6B52A31A13800F1B529 /* Frameworks */,
				443AE6B62A31A13800F1B529 /* Resources */,
			);
			buildRules = (
			);
			dependencies = (
			);
			name = HolstThePlanets;
			productName = HolstThePlanets;
			productReference = 443AE6B82A31A13800F1B529 /* HolstThePlanets.app */;
			productType = "com.apple.product-type.application";
		};
/* End PBXNativeTarget section */

/* Begin PBXProject section */
		443AE6B02A31A13800F1B529 /* Project object */ = {
			isa = PBXProject;
			attributes = {
				BuildIndependentTargetsInParallel = 1;
				LastSwiftUpdateCheck = 1430;
				LastUpgradeCheck = 1430;
				TargetAttributes = {
					443AE6B72A31A13800F1B529 = {
						CreatedOnToolsVersion = 14.3;
					};
				};
			};
			buildConfigurationList = 443AE6B32A31A13800F1B529 /* Build configuration list for PBXProject "HolstThePlanets" */;
			compatibilityVersion = "Xcode 14.0";
			developmentRegion = en;
			hasScannedForEncodings = 0;
			knownRegions = (
				en,
				Base,
			);
			mainGroup = 443AE6AF2A31A13800F1B529;
			productRefGroup = 443AE6B92A31A13800F1B529 /* Products */;
			projectDirPath = "";
			projectRoot = "";
			targets = (
				443AE6B72A31A13800F1B529 /* HolstThePlanets */,
			);
		};
/* End PBXProject section */

/* Begin PBXResourcesBuildPhase section */
		443AE6B62A31A13800F1B529 /* Resources */ = {
			isa = PBXResourcesBuildPhase;
			buildActionMask = 2147483647;
			files = (
				4430267B2A31E59C00AE1B09 /* Mercury.mp3 in Resources */,
				443AE6C82A31A13A00F1B529 /* LaunchScreen.storyboard in Resources */,
				443026772A31E59C00AE1B09 /* Jupiter.mp3 in Resources */,
				443AE6C52A31A13A00F1B529 /* Assets.xcassets in Resources */,
				443AE6C32A31A13800F1B529 /* Main.storyboard in Resources */,
				4430267A2A31E59C00AE1B09 /* Uranus.mp3 in Resources */,
				443026762A31E59C00AE1B09 /* Mars.mp3 in Resources */,
				443026782A31E59C00AE1B09 /* Saturn.mp3 in Resources */,
				443026792A31E59C00AE1B09 /* Neptune.mp3 in Resources */,
				4430267C2A31E59C00AE1B09 /* Venus.mp3 in Resources */,
			);
			runOnlyForDeploymentPostprocessing = 0;
		};
/* End PBXResourcesBuildPhase section */

/* Begin PBXSourcesBuildPhase section */
		443AE6B42A31A13800F1B529 /* Sources */ = {
			isa = PBXSourcesBuildPhase;
			buildActionMask = 2147483647;
			files = (
				443AE6D42A31ADD800F1B529 /* MusicProgressSlider.swift in Sources */,
				4419D4622A31D6A5008025E0 /* UIView+Extension.swift in Sources */,
				443AE6C02A31A13800F1B529 /* ViewController.swift in Sources */,
				4430267E2A31E64000AE1B09 /* MusicPlayManager.swift in Sources */,
				443AE6D62A31AE5B00F1B529 /* Double+Extension.swift in Sources */,
				443AE6D02A31AB1100F1B529 /* CustomMusicSliderView.swift in Sources */,
				443AE6BC2A31A13800F1B529 /* AppDelegate.swift in Sources */,
				44351E022A3220CF009C0475 /* UIImageView+Filter.swift in Sources */,
				443026802A31F53D00AE1B09 /* PlanetName.swift in Sources */,
				443AE6BE2A31A13800F1B529 /* SceneDelegate.swift in Sources */,
			);
			runOnlyForDeploymentPostprocessing = 0;
		};
/* End PBXSourcesBuildPhase section */

/* Begin PBXVariantGroup section */
		443AE6C12A31A13800F1B529 /* Main.storyboard */ = {
			isa = PBXVariantGroup;
			children = (
				443AE6C22A31A13800F1B529 /* Base */,
			);
			name = Main.storyboard;
			sourceTree = "<group>";
		};
		443AE6C62A31A13A00F1B529 /* LaunchScreen.storyboard */ = {
			isa = PBXVariantGroup;
			children = (
				443AE6C72A31A13A00F1B529 /* Base */,
			);
			name = LaunchScreen.storyboard;
			sourceTree = "<group>";
		};
/* End PBXVariantGroup section */

/* Begin XCBuildConfiguration section */
		443AE6CA2A31A13A00F1B529 /* Debug */ = {
			isa = XCBuildConfiguration;
			buildSettings = {
				ALWAYS_SEARCH_USER_PATHS = NO;
				CLANG_ANALYZER_NONNULL = YES;
				CLANG_ANALYZER_NUMBER_OBJECT_CONVERSION = YES_AGGRESSIVE;
				CLANG_CXX_LANGUAGE_STANDARD = "gnu++20";
				CLANG_ENABLE_MODULES = YES;
				CLANG_ENABLE_OBJC_ARC = YES;
				CLANG_ENABLE_OBJC_WEAK = YES;
				CLANG_WARN_BLOCK_CAPTURE_AUTORELEASING = YES;
				CLANG_WARN_BOOL_CONVERSION = YES;
				CLANG_WARN_COMMA = YES;
				CLANG_WARN_CONSTANT_CONVERSION = YES;
				CLANG_WARN_DEPRECATED_OBJC_IMPLEMENTATIONS = YES;
				CLANG_WARN_DIRECT_OBJC_ISA_USAGE = YES_ERROR;
				CLANG_WARN_DOCUMENTATION_COMMENTS = YES;
				CLANG_WARN_EMPTY_BODY = YES;
				CLANG_WARN_ENUM_CONVERSION = YES;
				CLANG_WARN_INFINITE_RECURSION = YES;
				CLANG_WARN_INT_CONVERSION = YES;
				CLANG_WARN_NON_LITERAL_NULL_CONVERSION = YES;
				CLANG_WARN_OBJC_IMPLICIT_RETAIN_SELF = YES;
				CLANG_WARN_OBJC_LITERAL_CONVERSION = YES;
				CLANG_WARN_OBJC_ROOT_CLASS = YES_ERROR;
				CLANG_WARN_QUOTED_INCLUDE_IN_FRAMEWORK_HEADER = YES;
				CLANG_WARN_RANGE_LOOP_ANALYSIS = YES;
				CLANG_WARN_STRICT_PROTOTYPES = YES;
				CLANG_WARN_SUSPICIOUS_MOVE = YES;
				CLANG_WARN_UNGUARDED_AVAILABILITY = YES_AGGRESSIVE;
				CLANG_WARN_UNREACHABLE_CODE = YES;
				CLANG_WARN__DUPLICATE_METHOD_MATCH = YES;
				COPY_PHASE_STRIP = NO;
				DEBUG_INFORMATION_FORMAT = dwarf;
				ENABLE_STRICT_OBJC_MSGSEND = YES;
				ENABLE_TESTABILITY = YES;
				GCC_C_LANGUAGE_STANDARD = gnu11;
				GCC_DYNAMIC_NO_PIC = NO;
				GCC_NO_COMMON_BLOCKS = YES;
				GCC_OPTIMIZATION_LEVEL = 0;
				GCC_PREPROCESSOR_DEFINITIONS = (
					"DEBUG=1",
					"$(inherited)",
				);
				GCC_WARN_64_TO_32_BIT_CONVERSION = YES;
				GCC_WARN_ABOUT_RETURN_TYPE = YES_ERROR;
				GCC_WARN_UNDECLARED_SELECTOR = YES;
				GCC_WARN_UNINITIALIZED_AUTOS = YES_AGGRESSIVE;
				GCC_WARN_UNUSED_FUNCTION = YES;
				GCC_WARN_UNUSED_VARIABLE = YES;
				IPHONEOS_DEPLOYMENT_TARGET = 16.4;
				MTL_ENABLE_DEBUG_INFO = INCLUDE_SOURCE;
				MTL_FAST_MATH = YES;
				ONLY_ACTIVE_ARCH = YES;
				SDKROOT = iphoneos;
				SWIFT_ACTIVE_COMPILATION_CONDITIONS = DEBUG;
				SWIFT_OPTIMIZATION_LEVEL = "-Onone";
			};
			name = Debug;
		};
		443AE6CB2A31A13A00F1B529 /* Release */ = {
			isa = XCBuildConfiguration;
			buildSettings = {
				ALWAYS_SEARCH_USER_PATHS = NO;
				CLANG_ANALYZER_NONNULL = YES;
				CLANG_ANALYZER_NUMBER_OBJECT_CONVERSION = YES_AGGRESSIVE;
				CLANG_CXX_LANGUAGE_STANDARD = "gnu++20";
				CLANG_ENABLE_MODULES = YES;
				CLANG_ENABLE_OBJC_ARC = YES;
				CLANG_ENABLE_OBJC_WEAK = YES;
				CLANG_WARN_BLOCK_CAPTURE_AUTORELEASING = YES;
				CLANG_WARN_BOOL_CONVERSION = YES;
				CLANG_WARN_COMMA = YES;
				CLANG_WARN_CONSTANT_CONVERSION = YES;
				CLANG_WARN_DEPRECATED_OBJC_IMPLEMENTATIONS = YES;
				CLANG_WARN_DIRECT_OBJC_ISA_USAGE = YES_ERROR;
				CLANG_WARN_DOCUMENTATION_COMMENTS = YES;
				CLANG_WARN_EMPTY_BODY = YES;
				CLANG_WARN_ENUM_CONVERSION = YES;
				CLANG_WARN_INFINITE_RECURSION = YES;
				CLANG_WARN_INT_CONVERSION = YES;
				CLANG_WARN_NON_LITERAL_NULL_CONVERSION = YES;
				CLANG_WARN_OBJC_IMPLICIT_RETAIN_SELF = YES;
				CLANG_WARN_OBJC_LITERAL_CONVERSION = YES;
				CLANG_WARN_OBJC_ROOT_CLASS = YES_ERROR;
				CLANG_WARN_QUOTED_INCLUDE_IN_FRAMEWORK_HEADER = YES;
				CLANG_WARN_RANGE_LOOP_ANALYSIS = YES;
				CLANG_WARN_STRICT_PROTOTYPES = YES;
				CLANG_WARN_SUSPICIOUS_MOVE = YES;
				CLANG_WARN_UNGUARDED_AVAILABILITY = YES_AGGRESSIVE;
				CLANG_WARN_UNREACHABLE_CODE = YES;
				CLANG_WARN__DUPLICATE_METHOD_MATCH = YES;
				COPY_PHASE_STRIP = NO;
				DEBUG_INFORMATION_FORMAT = "dwarf-with-dsym";
				ENABLE_NS_ASSERTIONS = NO;
				ENABLE_STRICT_OBJC_MSGSEND = YES;
				GCC_C_LANGUAGE_STANDARD = gnu11;
				GCC_NO_COMMON_BLOCKS = YES;
				GCC_WARN_64_TO_32_BIT_CONVERSION = YES;
				GCC_WARN_ABOUT_RETURN_TYPE = YES_ERROR;
				GCC_WARN_UNDECLARED_SELECTOR = YES;
				GCC_WARN_UNINITIALIZED_AUTOS = YES_AGGRESSIVE;
				GCC_WARN_UNUSED_FUNCTION = YES;
				GCC_WARN_UNUSED_VARIABLE = YES;
				IPHONEOS_DEPLOYMENT_TARGET = 16.4;
				MTL_ENABLE_DEBUG_INFO = NO;
				MTL_FAST_MATH = YES;
				SDKROOT = iphoneos;
				SWIFT_COMPILATION_MODE = wholemodule;
				SWIFT_OPTIMIZATION_LEVEL = "-O";
				VALIDATE_PRODUCT = YES;
			};
			name = Release;
		};
		443AE6CD2A31A13A00F1B529 /* Debug */ = {
			isa = XCBuildConfiguration;
			buildSettings = {
				ASSETCATALOG_COMPILER_APPICON_NAME = AppIcon;
				ASSETCATALOG_COMPILER_GLOBAL_ACCENT_COLOR_NAME = AccentColor;
				CODE_SIGN_STYLE = Automatic;
				CURRENT_PROJECT_VERSION = 1;
				DEVELOPMENT_TEAM = 6S2SA26VAN;
				GENERATE_INFOPLIST_FILE = YES;
				INFOPLIST_FILE = HolstThePlanets/Info.plist;
				INFOPLIST_KEY_UIApplicationSupportsIndirectInputEvents = YES;
				INFOPLIST_KEY_UILaunchStoryboardName = LaunchScreen;
				INFOPLIST_KEY_UIMainStoryboardFile = Main;
				INFOPLIST_KEY_UISupportedInterfaceOrientations_iPad = "UIInterfaceOrientationPortrait UIInterfaceOrientationPortraitUpsideDown UIInterfaceOrientationLandscapeLeft UIInterfaceOrientationLandscapeRight";
				INFOPLIST_KEY_UISupportedInterfaceOrientations_iPhone = "UIInterfaceOrientationPortrait UIInterfaceOrientationLandscapeLeft UIInterfaceOrientationLandscapeRight";
				IPHONEOS_DEPLOYMENT_TARGET = 15.0;
				LD_RUNPATH_SEARCH_PATHS = (
					"$(inherited)",
					"@executable_path/Frameworks",
				);
				MARKETING_VERSION = 1.0;
				PRODUCT_BUNDLE_IDENTIFIER = com.bgsmm.HolstThePlanets;
				PRODUCT_NAME = "$(TARGET_NAME)";
				SWIFT_EMIT_LOC_STRINGS = YES;
				SWIFT_VERSION = 5.0;
				TARGETED_DEVICE_FAMILY = "1,2";
			};
			name = Debug;
		};
		443AE6CE2A31A13A00F1B529 /* Release */ = {
			isa = XCBuildConfiguration;
			buildSettings = {
				ASSETCATALOG_COMPILER_APPICON_NAME = AppIcon;
				ASSETCATALOG_COMPILER_GLOBAL_ACCENT_COLOR_NAME = AccentColor;
				CODE_SIGN_STYLE = Automatic;
				CURRENT_PROJECT_VERSION = 1;
				DEVELOPMENT_TEAM = 6S2SA26VAN;
				GENERATE_INFOPLIST_FILE = YES;
				INFOPLIST_FILE = HolstThePlanets/Info.plist;
				INFOPLIST_KEY_UIApplicationSupportsIndirectInputEvents = YES;
				INFOPLIST_KEY_UILaunchStoryboardName = LaunchScreen;
				INFOPLIST_KEY_UIMainStoryboardFile = Main;
				INFOPLIST_KEY_UISupportedInterfaceOrientations_iPad = "UIInterfaceOrientationPortrait UIInterfaceOrientationPortraitUpsideDown UIInterfaceOrientationLandscapeLeft UIInterfaceOrientationLandscapeRight";
				INFOPLIST_KEY_UISupportedInterfaceOrientations_iPhone = "UIInterfaceOrientationPortrait UIInterfaceOrientationLandscapeLeft UIInterfaceOrientationLandscapeRight";
				IPHONEOS_DEPLOYMENT_TARGET = 15.0;
				LD_RUNPATH_SEARCH_PATHS = (
					"$(inherited)",
					"@executable_path/Frameworks",
				);
				MARKETING_VERSION = 1.0;
				PRODUCT_BUNDLE_IDENTIFIER = com.bgsmm.HolstThePlanets;
				PRODUCT_NAME = "$(TARGET_NAME)";
				SWIFT_EMIT_LOC_STRINGS = YES;
				SWIFT_VERSION = 5.0;
				TARGETED_DEVICE_FAMILY = "1,2";
			};
			name = Release;
		};
/* End XCBuildConfiguration section */

/* Begin XCConfigurationList section */
		443AE6B32A31A13800F1B529 /* Build configuration list for PBXProject "HolstThePlanets" */ = {
			isa = XCConfigurationList;
			buildConfigurations = (
				443AE6CA2A31A13A00F1B529 /* Debug */,
				443AE6CB2A31A13A00F1B529 /* Release */,
			);
			defaultConfigurationIsVisible = 0;
			defaultConfigurationName = Release;
		};
		443AE6CC2A31A13A00F1B529 /* Build configuration list for PBXNativeTarget "HolstThePlanets" */ = {
			isa = XCConfigurationList;
			buildConfigurations = (
				443AE6CD2A31A13A00F1B529 /* Debug */,
				443AE6CE2A31A13A00F1B529 /* Release */,
			);
			defaultConfigurationIsVisible = 0;
			defaultConfigurationName = Release;
		};
/* End XCConfigurationList section */
	};
	rootObject = 443AE6B02A31A13800F1B529 /* Project object */;
}
